
Microsoft Visual Studio Solution File, Format Version 12.00
# Visual Studio Version 17
VisualStudioVersion = 17.6.33829.357
MinimumVisualStudioVersion = 10.0.40219.1
Project("{FAE04EC0-301F-11D3-BF4B-00C04F79EFBC}") = "XEngine-Quest", "XEngine-Quest.csproj", "{788BC472-59F7-46F6-B760-65C18BA74389}"
EndProject
Project("{FAE04EC0-301F-11D3-BF4B-00C04F79EFBC}") = "XEUpdater", "XEUpdater\XEUpdater.csproj", "{0EF980AE-2984-4EF1-A387-9A86FFF81BA9}"
EndProject
Global
	GlobalSection(SolutionConfigurationPlatforms) = preSolution
		Debug|Any CPU = Debug|Any CPU
		Release|Any CPU = Release|Any CPU
	EndGlobalSection
	GlobalSection(ProjectConfigurationPlatforms) = postSolution
		{788BC472-59F7-46F6-B760-65C18BA74389}.Debug|Any CPU.ActiveCfg = Release|Any CPU
		{788BC472-59F7-46F6-B760-65C18BA74389}.Debug|Any CPU.Build.0 = Release|Any CPU
		{788BC472-59F7-46F6-B760-65C18BA74389}.Release|Any CPU.ActiveCfg = Release|Any CPU
		{788BC472-59F7-46F6-B760-65C18BA74389}.Release|Any CPU.Build.0 = Release|Any CPU
		{0EF980AE-2984-4EF1-A387-9A86FFF81BA9}.Debug|Any CPU.ActiveCfg = Debug|Any CPU
		{0EF980AE-2984-4EF1-A387-9A86FFF81BA9}.Debug|Any CPU.Build.0 = Debug|Any CPU
		{0EF980AE-2984-4EF1-A387-9A86FFF81BA9}.Release|Any CPU.ActiveCfg = Release|Any CPU
		{0EF980AE-2984-4EF1-A387-9A86FFF81BA9}.Release|Any CPU.Build.0 = Release|Any CPU
	EndGlobalSection
	GlobalSection(SolutionProperties) = preSolution
		HideSolutionNode = FALSE
	EndGlobalSection
	GlobalSection(ExtensibilityGlobals) = postSolution
		SolutionGuid = {51624F53-33C8-4A4E-A7C8-092145F6C59E}
	EndGlobalSection
EndGlobal
